github.com/adrg/xdg v0.5.0 h1:dDaZvhMXatArP1NPHhnfaQUqWBLBsmx1h1HXQdMoFCY=
github.com/adrg/xdg v0.5.0/go.mod h1:dDdY4M4DF9Rjy4kHPeNL+ilVF+p2lK8IdM9/rTSGcI4=
github.com/davecgh/go-spew v1.1.1 h1:vj9j/u1bqnvCEfJOwUhtlOARqs3+rkHYY13jYWTU97c=
github.com/davecgh/go-spew v1.1.1/go.mod h1:J7Y8YcW2NihsgmVo/mv3lAwl/skON4iLHjSsI+c5H38=
github.com/djotaku/dreamhostapi/v2 v2.0.0-alpha.4 h1:8NSJ4rCCU1il/JFtIaXWbjG2COgoti6TJEn3FJ0kY7w=
github.com/djotaku/dreamhostapi/v2 v2.0.0-alpha.4/go.mod h1:icgMPv6E+ik5A8NNbH45VePcenvKn3wSjepEroH9wYU=
github.com/djotaku/dreamhostapi/v2 v2.0.0-alpha.5 h1:CAnSZgnN9Pl2HlVX/eU2cRJL8eerfAR1OInoccmoabQ=
github.com/djotaku/dreamhostapi/v2 v2.0.0-alpha.5/go.mod h1:icgMPv6E+ik5A8NNbH45VePcenvKn3wSjepEroH9wYU=
github.com/djotaku/dreamhostapi/v2 v2.0.0-alpha.6 h1:yazH6yMWlR11EGw7O7nyp+lsKN/fbz/rLlQL0Us7nRw=
github.com/djotaku/dreamhostapi/v2 v2.0.0-alpha.6/go.mod h1:icgMPv6E+ik5A8NNbH45VePcenvKn3wSjepEroH9wYU=
github.com/djotaku/dreamhostapi/v2 v2.0.0-alpha.7 h1:swbLScV4/9giIi00OG0GmfPll9+0yv+QiGaybe3gepw=
github.com/djotaku/dreamhostapi/v2 v2.0.0-alpha.7/go.mod h1:icgMPv6E+ik5A8NNbH45VePcenvKn3wSjepEroH9wYU=
github.com/djotaku/dreamhostapi/v2 v2.0.0-alpha.8 h1:wfOAP9tGVJUgytj6uM8kjH7AN7jbGC4d+oqpinDgMO4=
github.com/djotaku/dreamhostapi/v2 v2.0.0-alpha.8/go.mod h1:icgMPv6E+ik5A8NNbH45VePcenvKn3wSjepEroH9wYU=
github.com/djotaku/dreamhostapi/v2 v2.0.0-alpha.9 h1:+6/u8i0sRlj7RgCrtG6Bisb6Q9r8ieO6NNDxha/f7kk=
github.com/djotaku/dreamhostapi/v2 v2.0.0-alpha.9/go.mod h1:icgMPv6E+ik5A8NNbH45VePcenvKn3wSjepEroH9wYU=
github.com/djotaku/dreamhostapi/v2 v2.0.0-alpha.10 h1:da4RLKTZX3cgDb5KbcDa/jo9eL/Dq+xS9pndrIrYR6E=
github.com/djotaku/dreamhostapi/v2 v2.0.0-alpha.10/go.mod h1:icgMPv6E+ik5A8NNbH45VePcenvKn3wSjepEroH9wYU=
github.com/djotaku/dreamhostapi/v2 v2.0.0-alpha.11 h1:3NnEiCzF6ET9YS2JxtIv5Uzu8Vt2jeGstspkxcM8dfg=
github.com/djotaku/dreamhostapi/v2 v2.0.0-alpha.11/go.mod h1:icgMPv6E+ik5A8NNbH45VePcenvKn3wSjepEroH9wYU=
github.com/djotaku/dreamhostapi/v2 v2.0.0-alpha.12 h1:XrqfF8pIh64cZ+rJpR7TIzLObxBQZZbiE/kr1gJv0SE=
github.com/djotaku/dreamhostapi/v2 v2.0.0-alpha.12/go.mod h1:icgMPv6E+ik5A8NNbH45VePcenvKn3wSjepEroH9wYU=
github.com/djotaku/dreamhostapi/v2 v2.0.0-alpha.13 h1:D7m4q1EGd3EMHXIbPTm9djns6HBFuS7wBa7OPGqSeF8=
github.com/djotaku/dreamhostapi/v2 v2.0.0-alpha.13/go.mod h1:icgMPv6E+ik5A8NNbH45VePcenvKn3wSjepEroH9wYU=
github.com/djotaku/dreamhostapi/v2 v2.0.0-alpha.14 h1:sQG+335uPAG2YxK6R5jZWGwslpdvTsFFMw6HqKxvVKY=
github.com/djotaku/dreamhostapi/v2 v2.0.0-alpha.14/go.mod h1:icgMPv6E+ik5A8NNbH45VePcenvKn3wSjepEroH9wYU=
github.com/djotaku/dreamhostapi/v2 v2.0.0-alpha.15 h1:1A+Pa+2wZswIjunbJ3RSteTebPkPbhd/2St5iVqUJWQ=
github.com/djotaku/dreamhostapi/v2 v2.0.0-alpha.15/go.mod h1:icgMPv6E+ik5A8NNbH45VePcenvKn3wSjepEroH9wYU=
github.com/djotaku/dreamhostapi/v2 v2.0.0 h1:+Z6ZVHC2CvH6qGEWMI1ArXqQ3h8M41eCLU4rGBYt6tk=
github.com/djotaku/dreamhostapi/v2 v2.0.0/go.mod h1:icgMPv6E+ik5A8NNbH45VePcenvKn3wSjepEroH9wYU=
github.com/djotaku/dreamhostapi/v2 v2.0.1 h1:B8UiwikZfG7iNpc0fzGAvTPSoDdm3eqc82jrtDJTtdo=
github.com/djotaku/dreamhostapi/v2 v2.0.1/go.mod h1:icgMPv6E+ik5A8NNbH45VePcenvKn3wSjepEroH9wYU=
github.com/djotaku/dreamhostapi/v2 v2.0.2 h1:ozSjYaKNfpSDIjFr0XaSJ6lO08Z1RfkcLgUyUgpiqaU=
github.com/djotaku/dreamhostapi/v2 v2.0.2/go.mod h1:icgMPv6E+ik5A8NNbH45VePcenvKn3wSjepEroH9wYU=
github.com/pmezard/go-difflib v1.0.0 h1:4DBwDE0NGyQoBHbLQYPwSUPoCMWR5BEzIk/f1lZbAQM=
github.com/pmezard/go-difflib v1.0.0/go.mod h1:iKH77koFhYxTK1pcRnkKkqfTogsbg7gZNVY4sRDYZ/4=
github.com/stretchr/testify v1.9.0 h1:HtqpIVDClZ4nwg75+f6Lvsy/wHu+3BoSGCbBAcpTsTg=
github.com/stretchr/testify v1.9.0/go.mod h1:r2ic/lqez/lEtzL7wO/rwa5dbSLXVDPFyf8C91i36aY=
golang.org/x/sys v0.22.0 h1:RI27ohtqKCnwULzJLqkv897zojh5/DwS/ENaMzUOaWI=
golang.org/x/sys v0.22.0/go.mod h1:/VUhepiaJMQUp4+oa/7Zr1D23ma6VTLIYjOOTFZPUcA=
gopkg.in/natefinch/lumberjack.v2 v2.2.1 h1:bBRl1b0OH9s/DuPhuXpNl+VtCaJXFZ5/uEFST95x9zc=
gopkg.in/natefinch/lumberjack.v2 v2.2.1/go.mod h1:YD8tP3GAjkrDg1eZH7EGmyESg/lsYskCTPBJVb9jqSc=
gopkg.in/yaml.v3 v3.0.1 h1:fxVm/GzAzEWqLHuvctI91KS9hhNmmWOoWu0XTYJS7CA=
gopkg.in/yaml.v3 v3.0.1/go.mod h1:K4uyk7z7BCEPqu6E+C64Yfv1cQ7kz7rIZviUmN+EgEM=
