github.com/adrg/xdg v0.4.0 h1:RzRqFcjH4nE5C6oTAxhBtoE2IRyjBSa62SCbyPidvls=
github.com/adrg/xdg v0.4.0/go.mod h1:N6ag73EX4wyxeaoeHctc1mas01KZgsj5tYiAIwqJE/E=
github.com/davecgh/go-spew v1.1.0/go.mod h1:J7Y8YcW2NihsgmVo/mv3lAwl/skON4iLHjSsI+c5H38=
github.com/djotaku/dreamhostapi v0.0.0-20230228034449-711838fc502e h1:TUnZvpBRcALRwmpoOf2it9MxH0ogc+SJNpKZ8Z+WJxY=
github.com/djotaku/dreamhostapi v0.0.0-20230228034449-711838fc502e/go.mod h1:xW7bpVRp74Ye0wmmVhKrqtCvs1FmGrgYrhAK0fD8riI=
github.com/djotaku/dreamhostapi v0.0.0-20230228035107-b8d53d55716f h1:u2LftwFd742vgKM89Eek6z5Q0SF6DBsLuZWVMaVmDjs=
github.com/djotaku/dreamhostapi v0.0.0-20230228035107-b8d53d55716f/go.mod h1:xW7bpVRp74Ye0wmmVhKrqtCvs1FmGrgYrhAK0fD8riI=
github.com/djotaku/dreamhostapi v0.0.0-20230228035606-489aba0298d5 h1:k5PND7WwbWp674xSxfC1H3YWN+Exx4hZDgxtRqiMd+w=
github.com/djotaku/dreamhostapi v0.0.0-20230228035606-489aba0298d5/go.mod h1:xW7bpVRp74Ye0wmmVhKrqtCvs1FmGrgYrhAK0fD8riI=
github.com/djotaku/dreamhostapi v0.0.0-20230302234014-c2c8f212be91 h1:X6ymNop54F8RMPCqwu08lkkPorQXDQNIZFVf7lBcJ8E=
github.com/djotaku/dreamhostapi v0.0.0-20230302234014-c2c8f212be91/go.mod h1:3r0LLlLoEiVsyo6xN5dZX2+unBHJ0GeW9cXhGOuEOSQ=
github.com/djotaku/dreamhostapi v1.0.1 h1:Rt6Ug5dELpPWhx+MVUcxlh9SYlbJHH9w7c6ncbLRDVo=
github.com/djotaku/dreamhostapi v1.0.1/go.mod h1:3r0LLlLoEiVsyo6xN5dZX2+unBHJ0GeW9cXhGOuEOSQ=
github.com/djotaku/dreamhostapi v1.0.2 h1:lgcf2BsBsTHYX7ygW99YtYje6Ik/IwWQiTfluG9oZck=
github.com/djotaku/dreamhostapi v1.0.2/go.mod h1:3r0LLlLoEiVsyo6xN5dZX2+unBHJ0GeW9cXhGOuEOSQ=
github.com/djotaku/dreamhostapi v1.0.3 h1:NvnUW20PPeCt534i8gwd/fzHEW4LpOAFCI4wEjHJg+w=
github.com/djotaku/dreamhostapi v1.0.3/go.mod h1:3r0LLlLoEiVsyo6xN5dZX2+unBHJ0GeW9cXhGOuEOSQ=
github.com/djotaku/dreamhostapi v1.1.0 h1:OCqKEFntieI6s7o2W7p/ggr5NGqX+tFQ2S08VLkbWMw=
github.com/djotaku/dreamhostapi v1.1.0/go.mod h1:3r0LLlLoEiVsyo6xN5dZX2+unBHJ0GeW9cXhGOuEOSQ=
github.com/djotaku/dreamhostapi v1.1.1 h1:sf3xajUclC/lNx84QyaPt9vaVtprm5m49uFRX62A7HE=
github.com/djotaku/dreamhostapi v1.1.1/go.mod h1:3r0LLlLoEiVsyo6xN5dZX2+unBHJ0GeW9cXhGOuEOSQ=
github.com/djotaku/dreamhostapi v1.2.0 h1:2CKqqhTUBxFcp8Pc2sfO8/3Z2mXUeYBrvUWhyY0uXOA=
github.com/djotaku/dreamhostapi v1.2.0/go.mod h1:3r0LLlLoEiVsyo6xN5dZX2+unBHJ0GeW9cXhGOuEOSQ=
github.com/djotaku/dreamhostapi v1.2.1 h1:dPw+GNXHZoj2zmLMEjDS75+JOdtMPRm6khedJaK2pow=
github.com/djotaku/dreamhostapi v1.2.1/go.mod h1:3r0LLlLoEiVsyo6xN5dZX2+unBHJ0GeW9cXhGOuEOSQ=
github.com/djotaku/dreamhostapi v1.2.2 h1:CCXk39xXvR8Wm9PjOQc/qRW5SqE0kRrN7a6LmFSoe44=
github.com/djotaku/dreamhostapi v1.2.2/go.mod h1:3r0LLlLoEiVsyo6xN5dZX2+unBHJ0GeW9cXhGOuEOSQ=
github.com/pmezard/go-difflib v1.0.0/go.mod h1:iKH77koFhYxTK1pcRnkKkqfTogsbg7gZNVY4sRDYZ/4=
github.com/stretchr/objx v0.1.0/go.mod h1:HFkY916IF+rwdDfMAkV7OtwuqBVzrE8GR6GFx+wExME=
github.com/stretchr/testify v1.7.0/go.mod h1:6Fq8oRcR53rry900zMqJjRRixrwX3KX962/h/Wwjteg=
golang.org/x/sys v0.0.0-20211025201205-69cdffdb9359 h1:2B5p2L5IfGiD7+b9BOoRMC6DgObAVZV+Fsp050NqXik=
golang.org/x/sys v0.0.0-20211025201205-69cdffdb9359/go.mod h1:oPkhp1MJrh7nUepCBck5+mAzfO9JrbApNNgaTdGDITg=
gopkg.in/check.v1 v0.0.0-20161208181325-20d25e280405/go.mod h1:Co6ibVJAznAaIkqp8huTwlJQCZ016jof/cbN4VW5Yz0=
gopkg.in/natefinch/lumberjack.v2 v2.2.1 h1:bBRl1b0OH9s/DuPhuXpNl+VtCaJXFZ5/uEFST95x9zc=
gopkg.in/natefinch/lumberjack.v2 v2.2.1/go.mod h1:YD8tP3GAjkrDg1eZH7EGmyESg/lsYskCTPBJVb9jqSc=
gopkg.in/yaml.v3 v3.0.0-20200313102051-9f266ea9e77c/go.mod h1:K4uyk7z7BCEPqu6E+C64Yfv1cQ7kz7rIZviUmN+EgEM=
